// !$*UTF8*$!
{
	archiveVersion = 1;
	classes = {
	};
	objectVersion = 55;
	objects = {

/* Begin PBXBuildFile section */
		D52DF027294547C200777583 /* Kingfisher in Frameworks */ = {isa = PBXBuildFile; productRef = D52DF026294547C200777583 /* Kingfisher */; };
		D52DF02A29466C0E00777583 /* SwiftKeychainWrapper in Frameworks */ = {isa = PBXBuildFile; productRef = D52DF02929466C0E00777583 /* SwiftKeychainWrapper */; };
		D533445129428F8500ABAD55 /* ConvertProfile.swift in Sources */ = {isa = PBXBuildFile; fileRef = D533445029428F8500ABAD55 /* ConvertProfile.swift */; };
		D541429B292969CD00733CD7 /* OAuthTokenResponseBody.swift in Sources */ = {isa = PBXBuildFile; fileRef = D541429A292969CD00733CD7 /* OAuthTokenResponseBody.swift */; };
		D541429D29296ACE00733CD7 /* OAuth2Service.swift in Sources */ = {isa = PBXBuildFile; fileRef = D541429C29296ACE00733CD7 /* OAuth2Service.swift */; };
		D541429F29296F9800733CD7 /* ApiErrorResponse.swift in Sources */ = {isa = PBXBuildFile; fileRef = D541429E29296F9800733CD7 /* ApiErrorResponse.swift */; };
		D54142A129298B5900733CD7 /* OAuth2TokenStorage.swift in Sources */ = {isa = PBXBuildFile; fileRef = D54142A029298B5900733CD7 /* OAuth2TokenStorage.swift */; };
		D549AC8829413E0A005B6A43 /* ProfileImageService.swift in Sources */ = {isa = PBXBuildFile; fileRef = D549AC8729413E0A005B6A43 /* ProfileImageService.swift */; };
		D54C1A582948EE5E00DAAA38 /* AlertPresenter.swift in Sources */ = {isa = PBXBuildFile; fileRef = D54C1A572948EE5E00DAAA38 /* AlertPresenter.swift */; };
		D54E26BA292A46E1003D72B9 /* SplashViewController.swift in Sources */ = {isa = PBXBuildFile; fileRef = D54E26B9292A46E1003D72B9 /* SplashViewController.swift */; };
		D55C6CCD29241F9500ADD31F /* AuthViewController.swift in Sources */ = {isa = PBXBuildFile; fileRef = D55C6CCC29241F9500ADD31F /* AuthViewController.swift */; };
		D55C6CD0292420B200ADD31F /* WebViewViewController.swift in Sources */ = {isa = PBXBuildFile; fileRef = D55C6CCF292420B200ADD31F /* WebViewViewController.swift */; };
		D58A856B29146E4900DB0F3B /* AppDelegate.swift in Sources */ = {isa = PBXBuildFile; fileRef = D58A856A29146E4900DB0F3B /* AppDelegate.swift */; };
		D58A856D29146E4900DB0F3B /* SceneDelegate.swift in Sources */ = {isa = PBXBuildFile; fileRef = D58A856C29146E4900DB0F3B /* SceneDelegate.swift */; };
		D58A856F29146E4900DB0F3B /* ImagesListViewController.swift in Sources */ = {isa = PBXBuildFile; fileRef = D58A856E29146E4900DB0F3B /* ImagesListViewController.swift */; };
		D58A857229146E4900DB0F3B /* Main.storyboard in Resources */ = {isa = PBXBuildFile; fileRef = D58A857029146E4900DB0F3B /* Main.storyboard */; };
		D58A857429146E4C00DB0F3B /* Assets.xcassets in Resources */ = {isa = PBXBuildFile; fileRef = D58A857329146E4C00DB0F3B /* Assets.xcassets */; };
		D58A857729146E4C00DB0F3B /* LaunchScreen.storyboard in Resources */ = {isa = PBXBuildFile; fileRef = D58A857529146E4C00DB0F3B /* LaunchScreen.storyboard */; };
		D58A858229146E4C00DB0F3B /* ImageFeedTests.swift in Sources */ = {isa = PBXBuildFile; fileRef = D58A858129146E4C00DB0F3B /* ImageFeedTests.swift */; };
		D58A858C29146E4C00DB0F3B /* ImageFeedUITests.swift in Sources */ = {isa = PBXBuildFile; fileRef = D58A858B29146E4C00DB0F3B /* ImageFeedUITests.swift */; };
		D58A858E29146E4C00DB0F3B /* ImageFeedUITestsLaunchTests.swift in Sources */ = {isa = PBXBuildFile; fileRef = D58A858D29146E4C00DB0F3B /* ImageFeedUITestsLaunchTests.swift */; };
		D59B3466291AF85B00B35FC8 /* Constants.swift in Sources */ = {isa = PBXBuildFile; fileRef = D59B3465291AF85B00B35FC8 /* Constants.swift */; };
		D5A5ED5B293CAE7B001D322F /* ProgressHUD in Frameworks */ = {isa = PBXBuildFile; productRef = D5A5ED5A293CAE7B001D322F /* ProgressHUD */; };
		D5A5ED5E293D168C001D322F /* UIBlockingProgressHUD.swift in Sources */ = {isa = PBXBuildFile; fileRef = D5A5ED5D293D168C001D322F /* UIBlockingProgressHUD.swift */; };
		D5A5ED60293D3927001D322F /* ProfileService.swift in Sources */ = {isa = PBXBuildFile; fileRef = D5A5ED5F293D3927001D322F /* ProfileService.swift */; };
		D5B9FCC82915B6CA009CDE17 /* ImagesListCell.swift in Sources */ = {isa = PBXBuildFile; fileRef = D5B9FCC72915B6CA009CDE17 /* ImagesListCell.swift */; };
		D5B9FCD02915BE26009CDE17 /* like-active.svg in Resources */ = {isa = PBXBuildFile; fileRef = D5B9FCCD2915BE26009CDE17 /* like-active.svg */; };
		D5B9FCD12915BE26009CDE17 /* Vector.png in Resources */ = {isa = PBXBuildFile; fileRef = D5B9FCCE2915BE26009CDE17 /* Vector.png */; };
		D5B9FCD22915BE26009CDE17 /* like-no-active.svg in Resources */ = {isa = PBXBuildFile; fileRef = D5B9FCCF2915BE26009CDE17 /* like-no-active.svg */; };
		D5E2A7392916B05C001A321A /* ProfileViewController.swift in Sources */ = {isa = PBXBuildFile; fileRef = D5E2A7382916B05C001A321A /* ProfileViewController.swift */; };
		D5E2A73C2916C0FF001A321A /* SingleImageViewController.swift in Sources */ = {isa = PBXBuildFile; fileRef = D5E2A73B2916C0FF001A321A /* SingleImageViewController.swift */; };
/* End PBXBuildFile section */

/* Begin PBXContainerItemProxy section */
		D58A857E29146E4C00DB0F3B /* PBXContainerItemProxy */ = {
			isa = PBXContainerItemProxy;
			containerPortal = D58A855F29146E4900DB0F3B /* Project object */;
			proxyType = 1;
			remoteGlobalIDString = D58A856629146E4900DB0F3B;
			remoteInfo = ImageFeed;
		};
		D58A858829146E4C00DB0F3B /* PBXContainerItemProxy */ = {
			isa = PBXContainerItemProxy;
			containerPortal = D58A855F29146E4900DB0F3B /* Project object */;
			proxyType = 1;
			remoteGlobalIDString = D58A856629146E4900DB0F3B;
			remoteInfo = ImageFeed;
		};
/* End PBXContainerItemProxy section */

/* Begin PBXFileReference section */
		D533445029428F8500ABAD55 /* ConvertProfile.swift */ = {isa = PBXFileReference; lastKnownFileType = sourcecode.swift; path = ConvertProfile.swift; sourceTree = "<group>"; };
		D541429A292969CD00733CD7 /* OAuthTokenResponseBody.swift */ = {isa = PBXFileReference; lastKnownFileType = sourcecode.swift; path = OAuthTokenResponseBody.swift; sourceTree = "<group>"; };
		D541429C29296ACE00733CD7 /* OAuth2Service.swift */ = {isa = PBXFileReference; lastKnownFileType = sourcecode.swift; path = OAuth2Service.swift; sourceTree = "<group>"; };
		D541429E29296F9800733CD7 /* ApiErrorResponse.swift */ = {isa = PBXFileReference; fileEncoding = 4; lastKnownFileType = sourcecode.swift; path = ApiErrorResponse.swift; sourceTree = "<group>"; };
		D54142A029298B5900733CD7 /* OAuth2TokenStorage.swift */ = {isa = PBXFileReference; lastKnownFileType = sourcecode.swift; path = OAuth2TokenStorage.swift; sourceTree = "<group>"; };
		D549AC8729413E0A005B6A43 /* ProfileImageService.swift */ = {isa = PBXFileReference; lastKnownFileType = sourcecode.swift; path = ProfileImageService.swift; sourceTree = "<group>"; };
		D54C1A572948EE5E00DAAA38 /* AlertPresenter.swift */ = {isa = PBXFileReference; fileEncoding = 4; lastKnownFileType = sourcecode.swift; path = AlertPresenter.swift; sourceTree = "<group>"; };
		D54E26B9292A46E1003D72B9 /* SplashViewController.swift */ = {isa = PBXFileReference; lastKnownFileType = sourcecode.swift; path = SplashViewController.swift; sourceTree = "<group>"; };
		D55C6CCC29241F9500ADD31F /* AuthViewController.swift */ = {isa = PBXFileReference; lastKnownFileType = sourcecode.swift; path = AuthViewController.swift; sourceTree = "<group>"; };
		D55C6CCF292420B200ADD31F /* WebViewViewController.swift */ = {isa = PBXFileReference; lastKnownFileType = sourcecode.swift; path = WebViewViewController.swift; sourceTree = "<group>"; };
		D58A856729146E4900DB0F3B /* ImageFeed.app */ = {isa = PBXFileReference; explicitFileType = wrapper.application; includeInIndex = 0; path = ImageFeed.app; sourceTree = BUILT_PRODUCTS_DIR; };
		D58A856A29146E4900DB0F3B /* AppDelegate.swift */ = {isa = PBXFileReference; lastKnownFileType = sourcecode.swift; path = AppDelegate.swift; sourceTree = "<group>"; };
		D58A856C29146E4900DB0F3B /* SceneDelegate.swift */ = {isa = PBXFileReference; lastKnownFileType = sourcecode.swift; path = SceneDelegate.swift; sourceTree = "<group>"; };
		D58A856E29146E4900DB0F3B /* ImagesListViewController.swift */ = {isa = PBXFileReference; lastKnownFileType = sourcecode.swift; path = ImagesListViewController.swift; sourceTree = "<group>"; };
		D58A857129146E4900DB0F3B /* Base */ = {isa = PBXFileReference; lastKnownFileType = file.storyboard; name = Base; path = Base.lproj/Main.storyboard; sourceTree = "<group>"; };
		D58A857329146E4C00DB0F3B /* Assets.xcassets */ = {isa = PBXFileReference; lastKnownFileType = folder.assetcatalog; path = Assets.xcassets; sourceTree = "<group>"; };
		D58A857629146E4C00DB0F3B /* Base */ = {isa = PBXFileReference; lastKnownFileType = file.storyboard; name = Base; path = Base.lproj/LaunchScreen.storyboard; sourceTree = "<group>"; };
		D58A857829146E4C00DB0F3B /* Info.plist */ = {isa = PBXFileReference; lastKnownFileType = text.plist.xml; path = Info.plist; sourceTree = "<group>"; };
		D58A857D29146E4C00DB0F3B /* ImageFeedTests.xctest */ = {isa = PBXFileReference; explicitFileType = wrapper.cfbundle; includeInIndex = 0; path = ImageFeedTests.xctest; sourceTree = BUILT_PRODUCTS_DIR; };
		D58A858129146E4C00DB0F3B /* ImageFeedTests.swift */ = {isa = PBXFileReference; lastKnownFileType = sourcecode.swift; path = ImageFeedTests.swift; sourceTree = "<group>"; };
		D58A858729146E4C00DB0F3B /* ImageFeedUITests.xctest */ = {isa = PBXFileReference; explicitFileType = wrapper.cfbundle; includeInIndex = 0; path = ImageFeedUITests.xctest; sourceTree = BUILT_PRODUCTS_DIR; };
		D58A858B29146E4C00DB0F3B /* ImageFeedUITests.swift */ = {isa = PBXFileReference; lastKnownFileType = sourcecode.swift; path = ImageFeedUITests.swift; sourceTree = "<group>"; };
		D58A858D29146E4C00DB0F3B /* ImageFeedUITestsLaunchTests.swift */ = {isa = PBXFileReference; lastKnownFileType = sourcecode.swift; path = ImageFeedUITestsLaunchTests.swift; sourceTree = "<group>"; };
		D59B3465291AF85B00B35FC8 /* Constants.swift */ = {isa = PBXFileReference; lastKnownFileType = sourcecode.swift; path = Constants.swift; sourceTree = "<group>"; };
		D5A5ED5D293D168C001D322F /* UIBlockingProgressHUD.swift */ = {isa = PBXFileReference; lastKnownFileType = sourcecode.swift; path = UIBlockingProgressHUD.swift; sourceTree = "<group>"; };
		D5A5ED5F293D3927001D322F /* ProfileService.swift */ = {isa = PBXFileReference; lastKnownFileType = sourcecode.swift; path = ProfileService.swift; sourceTree = "<group>"; };
		D5B9FCC72915B6CA009CDE17 /* ImagesListCell.swift */ = {isa = PBXFileReference; lastKnownFileType = sourcecode.swift; path = ImagesListCell.swift; sourceTree = "<group>"; };
		D5B9FCCB2915BE08009CDE17 /* YS Display-Medium.ttf */ = {isa = PBXFileReference; lastKnownFileType = file; name = "YS Display-Medium.ttf"; path = "../../../MovieQuiz-ios/MovieQuiz/Resources/YS Display-Medium.ttf"; sourceTree = "<group>"; };
		D5B9FCCC2915BE08009CDE17 /* YS Display-Bold.ttf */ = {isa = PBXFileReference; lastKnownFileType = file; name = "YS Display-Bold.ttf"; path = "../../../MovieQuiz-ios/MovieQuiz/Resources/YS Display-Bold.ttf"; sourceTree = "<group>"; };
		D5B9FCCD2915BE26009CDE17 /* like-active.svg */ = {isa = PBXFileReference; fileEncoding = 4; lastKnownFileType = text; path = "like-active.svg"; sourceTree = "<group>"; };
		D5B9FCCE2915BE26009CDE17 /* Vector.png */ = {isa = PBXFileReference; lastKnownFileType = image.png; path = Vector.png; sourceTree = "<group>"; };
		D5B9FCCF2915BE26009CDE17 /* like-no-active.svg */ = {isa = PBXFileReference; fileEncoding = 4; lastKnownFileType = text; path = "like-no-active.svg"; sourceTree = "<group>"; };
		D5E2A7382916B05C001A321A /* ProfileViewController.swift */ = {isa = PBXFileReference; lastKnownFileType = sourcecode.swift; path = ProfileViewController.swift; sourceTree = "<group>"; };
		D5E2A73B2916C0FF001A321A /* SingleImageViewController.swift */ = {isa = PBXFileReference; lastKnownFileType = sourcecode.swift; path = SingleImageViewController.swift; sourceTree = "<group>"; };
/* End PBXFileReference section */

/* Begin PBXFrameworksBuildPhase section */
		D58A856429146E4900DB0F3B /* Frameworks */ = {
			isa = PBXFrameworksBuildPhase;
			buildActionMask = 2147483647;
			files = (
				D52DF027294547C200777583 /* Kingfisher in Frameworks */,
				D5A5ED5B293CAE7B001D322F /* ProgressHUD in Frameworks */,
				D52DF02A29466C0E00777583 /* SwiftKeychainWrapper in Frameworks */,
			);
			runOnlyForDeploymentPostprocessing = 0;
		};
		D58A857A29146E4C00DB0F3B /* Frameworks */ = {
			isa = PBXFrameworksBuildPhase;
			buildActionMask = 2147483647;
			files = (
			);
			runOnlyForDeploymentPostprocessing = 0;
		};
		D58A858429146E4C00DB0F3B /* Frameworks */ = {
			isa = PBXFrameworksBuildPhase;
			buildActionMask = 2147483647;
			files = (
			);
			runOnlyForDeploymentPostprocessing = 0;
		};
/* End PBXFrameworksBuildPhase section */

/* Begin PBXGroup section */
		D54142992929699F00733CD7 /* Models */ = {
			isa = PBXGroup;
			children = (
				D541429A292969CD00733CD7 /* OAuthTokenResponseBody.swift */,
				D541429E29296F9800733CD7 /* ApiErrorResponse.swift */,
			);
			path = Models;
			sourceTree = "<group>";
		};
		D54C1A592948EE7800DAAA38 /* Services */ = {
			isa = PBXGroup;
			children = (
				D54C1A572948EE5E00DAAA38 /* AlertPresenter.swift */,
			);
			path = Services;
			sourceTree = "<group>";
		};
		D55C6CCE29241FCB00ADD31F /* Auth */ = {
			isa = PBXGroup;
			children = (
				D55C6CCC29241F9500ADD31F /* AuthViewController.swift */,
				D55C6CCF292420B200ADD31F /* WebViewViewController.swift */,
				D541429C29296ACE00733CD7 /* OAuth2Service.swift */,
				D54142A029298B5900733CD7 /* OAuth2TokenStorage.swift */,
				D54E26B9292A46E1003D72B9 /* SplashViewController.swift */,
			);
			path = Auth;
			sourceTree = "<group>";
		};
		D58A855E29146E4900DB0F3B = {
			isa = PBXGroup;
			children = (
				D58A856929146E4900DB0F3B /* ImageFeed */,
				D58A858029146E4C00DB0F3B /* ImageFeedTests */,
				D58A858A29146E4C00DB0F3B /* ImageFeedUITests */,
				D58A856829146E4900DB0F3B /* Products */,
			);
			sourceTree = "<group>";
		};
		D58A856829146E4900DB0F3B /* Products */ = {
			isa = PBXGroup;
			children = (
				D58A856729146E4900DB0F3B /* ImageFeed.app */,
				D58A857D29146E4C00DB0F3B /* ImageFeedTests.xctest */,
				D58A858729146E4C00DB0F3B /* ImageFeedUITests.xctest */,
			);
			name = Products;
			sourceTree = "<group>";
		};
		D58A856929146E4900DB0F3B /* ImageFeed */ = {
			isa = PBXGroup;
			children = (
				D54C1A592948EE7800DAAA38 /* Services */,
				D5A5ED5C293D1667001D322F /* Helpers */,
				D54142992929699F00733CD7 /* Models */,
				D55C6CCE29241FCB00ADD31F /* Auth */,
				D5E2A73A2916C0E5001A321A /* SingleImage */,
				D5E2A7372916B030001A321A /* Profile */,
				D5B9FCCA2915BD7A009CDE17 /* Resources */,
				D5B9FCC92915B709009CDE17 /* ImagesList */,
				D58A856A29146E4900DB0F3B /* AppDelegate.swift */,
				D58A856C29146E4900DB0F3B /* SceneDelegate.swift */,
				D58A857029146E4900DB0F3B /* Main.storyboard */,
				D58A857329146E4C00DB0F3B /* Assets.xcassets */,
				D58A857529146E4C00DB0F3B /* LaunchScreen.storyboard */,
				D58A857829146E4C00DB0F3B /* Info.plist */,
			);
			path = ImageFeed;
			sourceTree = "<group>";
		};
		D58A858029146E4C00DB0F3B /* ImageFeedTests */ = {
			isa = PBXGroup;
			children = (
				D58A858129146E4C00DB0F3B /* ImageFeedTests.swift */,
			);
			path = ImageFeedTests;
			sourceTree = "<group>";
		};
		D58A858A29146E4C00DB0F3B /* ImageFeedUITests */ = {
			isa = PBXGroup;
			children = (
				D58A858B29146E4C00DB0F3B /* ImageFeedUITests.swift */,
				D58A858D29146E4C00DB0F3B /* ImageFeedUITestsLaunchTests.swift */,
			);
			path = ImageFeedUITests;
			sourceTree = "<group>";
		};
		D5A5ED5C293D1667001D322F /* Helpers */ = {
			isa = PBXGroup;
			children = (
				D5A5ED5D293D168C001D322F /* UIBlockingProgressHUD.swift */,
				D533445029428F8500ABAD55 /* ConvertProfile.swift */,
			);
			path = Helpers;
			sourceTree = "<group>";
		};
		D5B9FCC92915B709009CDE17 /* ImagesList */ = {
			isa = PBXGroup;
			children = (
				D58A856E29146E4900DB0F3B /* ImagesListViewController.swift */,
				D5B9FCC72915B6CA009CDE17 /* ImagesListCell.swift */,
			);
			path = ImagesList;
			sourceTree = "<group>";
		};
		D5B9FCCA2915BD7A009CDE17 /* Resources */ = {
			isa = PBXGroup;
			children = (
				D59B3465291AF85B00B35FC8 /* Constants.swift */,
				D5B9FCCD2915BE26009CDE17 /* like-active.svg */,
				D5B9FCCF2915BE26009CDE17 /* like-no-active.svg */,
				D5B9FCCE2915BE26009CDE17 /* Vector.png */,
				D5B9FCCC2915BE08009CDE17 /* YS Display-Bold.ttf */,
				D5B9FCCB2915BE08009CDE17 /* YS Display-Medium.ttf */,
			);
			path = Resources;
			sourceTree = "<group>";
		};
		D5E2A7372916B030001A321A /* Profile */ = {
			isa = PBXGroup;
			children = (
				D5E2A7382916B05C001A321A /* ProfileViewController.swift */,
				D5A5ED5F293D3927001D322F /* ProfileService.swift */,
				D549AC8729413E0A005B6A43 /* ProfileImageService.swift */,
			);
			path = Profile;
			sourceTree = "<group>";
		};
		D5E2A73A2916C0E5001A321A /* SingleImage */ = {
			isa = PBXGroup;
			children = (
				D5E2A73B2916C0FF001A321A /* SingleImageViewController.swift */,
			);
			path = SingleImage;
			sourceTree = "<group>";
		};
/* End PBXGroup section */

/* Begin PBXNativeTarget section */
		D58A856629146E4900DB0F3B /* ImageFeed */ = {
			isa = PBXNativeTarget;
			buildConfigurationList = D58A859129146E4C00DB0F3B /* Build configuration list for PBXNativeTarget "ImageFeed" */;
			buildPhases = (
				D58A856329146E4900DB0F3B /* Sources */,
				D58A856429146E4900DB0F3B /* Frameworks */,
				D58A856529146E4900DB0F3B /* Resources */,
			);
			buildRules = (
			);
			dependencies = (
			);
			name = ImageFeed;
			packageProductDependencies = (
				D5A5ED5A293CAE7B001D322F /* ProgressHUD */,
				D52DF026294547C200777583 /* Kingfisher */,
				D52DF02929466C0E00777583 /* SwiftKeychainWrapper */,
			);
			productName = ImageFeed;
			productReference = D58A856729146E4900DB0F3B /* ImageFeed.app */;
			productType = "com.apple.product-type.application";
		};
		D58A857C29146E4C00DB0F3B /* ImageFeedTests */ = {
			isa = PBXNativeTarget;
			buildConfigurationList = D58A859429146E4C00DB0F3B /* Build configuration list for PBXNativeTarget "ImageFeedTests" */;
			buildPhases = (
				D58A857929146E4C00DB0F3B /* Sources */,
				D58A857A29146E4C00DB0F3B /* Frameworks */,
				D58A857B29146E4C00DB0F3B /* Resources */,
			);
			buildRules = (
			);
			dependencies = (
				D58A857F29146E4C00DB0F3B /* PBXTargetDependency */,
			);
			name = ImageFeedTests;
			productName = ImageFeedTests;
			productReference = D58A857D29146E4C00DB0F3B /* ImageFeedTests.xctest */;
			productType = "com.apple.product-type.bundle.unit-test";
		};
		D58A858629146E4C00DB0F3B /* ImageFeedUITests */ = {
			isa = PBXNativeTarget;
			buildConfigurationList = D58A859729146E4C00DB0F3B /* Build configuration list for PBXNativeTarget "ImageFeedUITests" */;
			buildPhases = (
				D58A858329146E4C00DB0F3B /* Sources */,
				D58A858429146E4C00DB0F3B /* Frameworks */,
				D58A858529146E4C00DB0F3B /* Resources */,
			);
			buildRules = (
			);
			dependencies = (
				D58A858929146E4C00DB0F3B /* PBXTargetDependency */,
			);
			name = ImageFeedUITests;
			productName = ImageFeedUITests;
			productReference = D58A858729146E4C00DB0F3B /* ImageFeedUITests.xctest */;
			productType = "com.apple.product-type.bundle.ui-testing";
		};
/* End PBXNativeTarget section */

/* Begin PBXProject section */
		D58A855F29146E4900DB0F3B /* Project object */ = {
			isa = PBXProject;
			attributes = {
				BuildIndependentTargetsInParallel = 1;
				LastSwiftUpdateCheck = 1340;
				LastUpgradeCheck = 1340;
				TargetAttributes = {
					D58A856629146E4900DB0F3B = {
						CreatedOnToolsVersion = 13.4.1;
					};
					D58A857C29146E4C00DB0F3B = {
						CreatedOnToolsVersion = 13.4.1;
						TestTargetID = D58A856629146E4900DB0F3B;
					};
					D58A858629146E4C00DB0F3B = {
						CreatedOnToolsVersion = 13.4.1;
						TestTargetID = D58A856629146E4900DB0F3B;
					};
				};
			};
			buildConfigurationList = D58A856229146E4900DB0F3B /* Build configuration list for PBXProject "ImageFeed" */;
			compatibilityVersion = "Xcode 13.0";
			developmentRegion = en;
			hasScannedForEncodings = 0;
			knownRegions = (
				en,
				Base,
			);
			mainGroup = D58A855E29146E4900DB0F3B;
			packageReferences = (
				D5A5ED59293CAE7B001D322F /* XCRemoteSwiftPackageReference "ProgressHUD" */,
				D52DF025294547C200777583 /* XCRemoteSwiftPackageReference "Kingfisher" */,
				D52DF02829466C0E00777583 /* XCRemoteSwiftPackageReference "SwiftKeychainWrapper" */,
			);
			productRefGroup = D58A856829146E4900DB0F3B /* Products */;
			projectDirPath = "";
			projectRoot = "";
			targets = (
				D58A856629146E4900DB0F3B /* ImageFeed */,
				D58A857C29146E4C00DB0F3B /* ImageFeedTests */,
				D58A858629146E4C00DB0F3B /* ImageFeedUITests */,
			);
		};
/* End PBXProject section */

/* Begin PBXResourcesBuildPhase section */
		D58A856529146E4900DB0F3B /* Resources */ = {
			isa = PBXResourcesBuildPhase;
			buildActionMask = 2147483647;
			files = (
				D5B9FCD22915BE26009CDE17 /* like-no-active.svg in Resources */,
				D58A857729146E4C00DB0F3B /* LaunchScreen.storyboard in Resources */,
				D58A857429146E4C00DB0F3B /* Assets.xcassets in Resources */,
				D5B9FCD12915BE26009CDE17 /* Vector.png in Resources */,
				D58A857229146E4900DB0F3B /* Main.storyboard in Resources */,
				D5B9FCD02915BE26009CDE17 /* like-active.svg in Resources */,
			);
			runOnlyForDeploymentPostprocessing = 0;
		};
		D58A857B29146E4C00DB0F3B /* Resources */ = {
			isa = PBXResourcesBuildPhase;
			buildActionMask = 2147483647;
			files = (
			);
			runOnlyForDeploymentPostprocessing = 0;
		};
		D58A858529146E4C00DB0F3B /* Resources */ = {
			isa = PBXResourcesBuildPhase;
			buildActionMask = 2147483647;
			files = (
			);
			runOnlyForDeploymentPostprocessing = 0;
		};
/* End PBXResourcesBuildPhase section */

/* Begin PBXSourcesBuildPhase section */
		D58A856329146E4900DB0F3B /* Sources */ = {
			isa = PBXSourcesBuildPhase;
			buildActionMask = 2147483647;
			files = (
				D54C1A582948EE5E00DAAA38 /* AlertPresenter.swift in Sources */,
				D541429B292969CD00733CD7 /* OAuthTokenResponseBody.swift in Sources */,
				D5A5ED60293D3927001D322F /* ProfileService.swift in Sources */,
				D58A856F29146E4900DB0F3B /* ImagesListViewController.swift in Sources */,
				D541429D29296ACE00733CD7 /* OAuth2Service.swift in Sources */,
				D55C6CD0292420B200ADD31F /* WebViewViewController.swift in Sources */,
				D533445129428F8500ABAD55 /* ConvertProfile.swift in Sources */,
				D541429F29296F9800733CD7 /* ApiErrorResponse.swift in Sources */,
				D549AC8829413E0A005B6A43 /* ProfileImageService.swift in Sources */,
				D5B9FCC82915B6CA009CDE17 /* ImagesListCell.swift in Sources */,
				D54142A129298B5900733CD7 /* OAuth2TokenStorage.swift in Sources */,
				D5E2A7392916B05C001A321A /* ProfileViewController.swift in Sources */,
				D5A5ED5E293D168C001D322F /* UIBlockingProgressHUD.swift in Sources */,
				D54E26BA292A46E1003D72B9 /* SplashViewController.swift in Sources */,
				D58A856B29146E4900DB0F3B /* AppDelegate.swift in Sources */,
				D55C6CCD29241F9500ADD31F /* AuthViewController.swift in Sources */,
				D59B3466291AF85B00B35FC8 /* Constants.swift in Sources */,
				D5E2A73C2916C0FF001A321A /* SingleImageViewController.swift in Sources */,
				D58A856D29146E4900DB0F3B /* SceneDelegate.swift in Sources */,
			);
			runOnlyForDeploymentPostprocessing = 0;
		};
		D58A857929146E4C00DB0F3B /* Sources */ = {
			isa = PBXSourcesBuildPhase;
			buildActionMask = 2147483647;
			files = (
				D58A858229146E4C00DB0F3B /* ImageFeedTests.swift in Sources */,
			);
			runOnlyForDeploymentPostprocessing = 0;
		};
		D58A858329146E4C00DB0F3B /* Sources */ = {
			isa = PBXSourcesBuildPhase;
			buildActionMask = 2147483647;
			files = (
				D58A858E29146E4C00DB0F3B /* ImageFeedUITestsLaunchTests.swift in Sources */,
				D58A858C29146E4C00DB0F3B /* ImageFeedUITests.swift in Sources */,
			);
			runOnlyForDeploymentPostprocessing = 0;
		};
/* End PBXSourcesBuildPhase section */

/* Begin PBXTargetDependency section */
		D58A857F29146E4C00DB0F3B /* PBXTargetDependency */ = {
			isa = PBXTargetDependency;
			target = D58A856629146E4900DB0F3B /* ImageFeed */;
			targetProxy = D58A857E29146E4C00DB0F3B /* PBXContainerItemProxy */;
		};
		D58A858929146E4C00DB0F3B /* PBXTargetDependency */ = {
			isa = PBXTargetDependency;
			target = D58A856629146E4900DB0F3B /* ImageFeed */;
			targetProxy = D58A858829146E4C00DB0F3B /* PBXContainerItemProxy */;
		};
/* End PBXTargetDependency section */

/* Begin PBXVariantGroup section */
		D58A857029146E4900DB0F3B /* Main.storyboard */ = {
			isa = PBXVariantGroup;
			children = (
				D58A857129146E4900DB0F3B /* Base */,
			);
			name = Main.storyboard;
			sourceTree = "<group>";
		};
		D58A857529146E4C00DB0F3B /* LaunchScreen.storyboard */ = {
			isa = PBXVariantGroup;
			children = (
				D58A857629146E4C00DB0F3B /* Base */,
			);
			name = LaunchScreen.storyboard;
			sourceTree = "<group>";
		};
/* End PBXVariantGroup section */

/* Begin XCBuildConfiguration section */
		D58A858F29146E4C00DB0F3B /* Debug */ = {
			isa = XCBuildConfiguration;
			buildSettings = {
				ALWAYS_SEARCH_USER_PATHS = NO;
				CLANG_ANALYZER_NONNULL = YES;
				CLANG_ANALYZER_NUMBER_OBJECT_CONVERSION = YES_AGGRESSIVE;
				CLANG_CXX_LANGUAGE_STANDARD = "gnu++17";
				CLANG_ENABLE_MODULES = YES;
				CLANG_ENABLE_OBJC_ARC = YES;
				CLANG_ENABLE_OBJC_WEAK = YES;
				CLANG_WARN_BLOCK_CAPTURE_AUTORELEASING = YES;
				CLANG_WARN_BOOL_CONVERSION = YES;
				CLANG_WARN_COMMA = YES;
				CLANG_WARN_CONSTANT_CONVERSION = YES;
				CLANG_WARN_DEPRECATED_OBJC_IMPLEMENTATIONS = YES;
				CLANG_WARN_DIRECT_OBJC_ISA_USAGE = YES_ERROR;
				CLANG_WARN_DOCUMENTATION_COMMENTS = YES;
				CLANG_WARN_EMPTY_BODY = YES;
				CLANG_WARN_ENUM_CONVERSION = YES;
				CLANG_WARN_INFINITE_RECURSION = YES;
				CLANG_WARN_INT_CONVERSION = YES;
				CLANG_WARN_NON_LITERAL_NULL_CONVERSION = YES;
				CLANG_WARN_OBJC_IMPLICIT_RETAIN_SELF = YES;
				CLANG_WARN_OBJC_LITERAL_CONVERSION = YES;
				CLANG_WARN_OBJC_ROOT_CLASS = YES_ERROR;
				CLANG_WARN_QUOTED_INCLUDE_IN_FRAMEWORK_HEADER = YES;
				CLANG_WARN_RANGE_LOOP_ANALYSIS = YES;
				CLANG_WARN_STRICT_PROTOTYPES = YES;
				CLANG_WARN_SUSPICIOUS_MOVE = YES;
				CLANG_WARN_UNGUARDED_AVAILABILITY = YES_AGGRESSIVE;
				CLANG_WARN_UNREACHABLE_CODE = YES;
				CLANG_WARN__DUPLICATE_METHOD_MATCH = YES;
				COPY_PHASE_STRIP = NO;
				DEBUG_INFORMATION_FORMAT = dwarf;
				ENABLE_STRICT_OBJC_MSGSEND = YES;
				ENABLE_TESTABILITY = YES;
				GCC_C_LANGUAGE_STANDARD = gnu11;
				GCC_DYNAMIC_NO_PIC = NO;
				GCC_NO_COMMON_BLOCKS = YES;
				GCC_OPTIMIZATION_LEVEL = 0;
				GCC_PREPROCESSOR_DEFINITIONS = (
					"DEBUG=1",
					"$(inherited)",
				);
				GCC_WARN_64_TO_32_BIT_CONVERSION = YES;
				GCC_WARN_ABOUT_RETURN_TYPE = YES_ERROR;
				GCC_WARN_UNDECLARED_SELECTOR = YES;
				GCC_WARN_UNINITIALIZED_AUTOS = YES_AGGRESSIVE;
				GCC_WARN_UNUSED_FUNCTION = YES;
				GCC_WARN_UNUSED_VARIABLE = YES;
				IPHONEOS_DEPLOYMENT_TARGET = 15.5;
				MTL_ENABLE_DEBUG_INFO = INCLUDE_SOURCE;
				MTL_FAST_MATH = YES;
				ONLY_ACTIVE_ARCH = YES;
				SDKROOT = iphoneos;
				SWIFT_ACTIVE_COMPILATION_CONDITIONS = DEBUG;
				SWIFT_OPTIMIZATION_LEVEL = "-Onone";
			};
			name = Debug;
		};
		D58A859029146E4C00DB0F3B /* Release */ = {
			isa = XCBuildConfiguration;
			buildSettings = {
				ALWAYS_SEARCH_USER_PATHS = NO;
				CLANG_ANALYZER_NONNULL = YES;
				CLANG_ANALYZER_NUMBER_OBJECT_CONVERSION = YES_AGGRESSIVE;
				CLANG_CXX_LANGUAGE_STANDARD = "gnu++17";
				CLANG_ENABLE_MODULES = YES;
				CLANG_ENABLE_OBJC_ARC = YES;
				CLANG_ENABLE_OBJC_WEAK = YES;
				CLANG_WARN_BLOCK_CAPTURE_AUTORELEASING = YES;
				CLANG_WARN_BOOL_CONVERSION = YES;
				CLANG_WARN_COMMA = YES;
				CLANG_WARN_CONSTANT_CONVERSION = YES;
				CLANG_WARN_DEPRECATED_OBJC_IMPLEMENTATIONS = YES;
				CLANG_WARN_DIRECT_OBJC_ISA_USAGE = YES_ERROR;
				CLANG_WARN_DOCUMENTATION_COMMENTS = YES;
				CLANG_WARN_EMPTY_BODY = YES;
				CLANG_WARN_ENUM_CONVERSION = YES;
				CLANG_WARN_INFINITE_RECURSION = YES;
				CLANG_WARN_INT_CONVERSION = YES;
				CLANG_WARN_NON_LITERAL_NULL_CONVERSION = YES;
				CLANG_WARN_OBJC_IMPLICIT_RETAIN_SELF = YES;
				CLANG_WARN_OBJC_LITERAL_CONVERSION = YES;
				CLANG_WARN_OBJC_ROOT_CLASS = YES_ERROR;
				CLANG_WARN_QUOTED_INCLUDE_IN_FRAMEWORK_HEADER = YES;
				CLANG_WARN_RANGE_LOOP_ANALYSIS = YES;
				CLANG_WARN_STRICT_PROTOTYPES = YES;
				CLANG_WARN_SUSPICIOUS_MOVE = YES;
				CLANG_WARN_UNGUARDED_AVAILABILITY = YES_AGGRESSIVE;
				CLANG_WARN_UNREACHABLE_CODE = YES;
				CLANG_WARN__DUPLICATE_METHOD_MATCH = YES;
				COPY_PHASE_STRIP = NO;
				DEBUG_INFORMATION_FORMAT = "dwarf-with-dsym";
				ENABLE_NS_ASSERTIONS = NO;
				ENABLE_STRICT_OBJC_MSGSEND = YES;
				GCC_C_LANGUAGE_STANDARD = gnu11;
				GCC_NO_COMMON_BLOCKS = YES;
				GCC_WARN_64_TO_32_BIT_CONVERSION = YES;
				GCC_WARN_ABOUT_RETURN_TYPE = YES_ERROR;
				GCC_WARN_UNDECLARED_SELECTOR = YES;
				GCC_WARN_UNINITIALIZED_AUTOS = YES_AGGRESSIVE;
				GCC_WARN_UNUSED_FUNCTION = YES;
				GCC_WARN_UNUSED_VARIABLE = YES;
				IPHONEOS_DEPLOYMENT_TARGET = 15.5;
				MTL_ENABLE_DEBUG_INFO = NO;
				MTL_FAST_MATH = YES;
				SDKROOT = iphoneos;
				SWIFT_COMPILATION_MODE = wholemodule;
				SWIFT_OPTIMIZATION_LEVEL = "-O";
				VALIDATE_PRODUCT = YES;
			};
			name = Release;
		};
		D58A859229146E4C00DB0F3B /* Debug */ = {
			isa = XCBuildConfiguration;
			buildSettings = {
				ASSETCATALOG_COMPILER_APPICON_NAME = AppIcon;
				ASSETCATALOG_COMPILER_GLOBAL_ACCENT_COLOR_NAME = AccentColor;
				CODE_SIGN_STYLE = Automatic;
				CURRENT_PROJECT_VERSION = 1;
				DEVELOPMENT_TEAM = L3GX9T5F55;
				GENERATE_INFOPLIST_FILE = YES;
				INFOPLIST_FILE = ImageFeed/Info.plist;
				INFOPLIST_KEY_UIApplicationSupportsIndirectInputEvents = YES;
				INFOPLIST_KEY_UILaunchStoryboardName = LaunchScreen;
				INFOPLIST_KEY_UIMainStoryboardFile = Main;
				INFOPLIST_KEY_UISupportedInterfaceOrientations = UIInterfaceOrientationPortrait;
				INFOPLIST_KEY_UISupportedInterfaceOrientations_iPad = "UIInterfaceOrientationPortrait UIInterfaceOrientationPortraitUpsideDown UIInterfaceOrientationLandscapeLeft UIInterfaceOrientationLandscapeRight";
				INFOPLIST_KEY_UISupportedInterfaceOrientations_iPhone = UIInterfaceOrientationPortrait;
				IPHONEOS_DEPLOYMENT_TARGET = 13.0;
				LD_RUNPATH_SEARCH_PATHS = (
					"$(inherited)",
					"@executable_path/Frameworks",
				);
				MARKETING_VERSION = 1.0;
				PRODUCT_BUNDLE_IDENTIFIER = ru.yandex.practicum.snowsergo.ImageFeed;
				PRODUCT_NAME = "$(TARGET_NAME)";
				SWIFT_EMIT_LOC_STRINGS = YES;
				SWIFT_VERSION = 5.0;
				TARGETED_DEVICE_FAMILY = 1;
			};
			name = Debug;
		};
		D58A859329146E4C00DB0F3B /* Release */ = {
			isa = XCBuildConfiguration;
			buildSettings = {
				ASSETCATALOG_COMPILER_APPICON_NAME = AppIcon;
				ASSETCATALOG_COMPILER_GLOBAL_ACCENT_COLOR_NAME = AccentColor;
				CODE_SIGN_STYLE = Automatic;
				CURRENT_PROJECT_VERSION = 1;
				DEVELOPMENT_TEAM = L3GX9T5F55;
				GENERATE_INFOPLIST_FILE = YES;
				INFOPLIST_FILE = ImageFeed/Info.plist;
				INFOPLIST_KEY_UIApplicationSupportsIndirectInputEvents = YES;
				INFOPLIST_KEY_UILaunchStoryboardName = LaunchScreen;
				INFOPLIST_KEY_UIMainStoryboardFile = Main;
				INFOPLIST_KEY_UISupportedInterfaceOrientations = UIInterfaceOrientationPortrait;
				INFOPLIST_KEY_UISupportedInterfaceOrientations_iPad = "UIInterfaceOrientationPortrait UIInterfaceOrientationPortraitUpsideDown UIInterfaceOrientationLandscapeLeft UIInterfaceOrientationLandscapeRight";
				INFOPLIST_KEY_UISupportedInterfaceOrientations_iPhone = UIInterfaceOrientationPortrait;
				IPHONEOS_DEPLOYMENT_TARGET = 13.0;
				LD_RUNPATH_SEARCH_PATHS = (
					"$(inherited)",
					"@executable_path/Frameworks",
				);
				MARKETING_VERSION = 1.0;
				PRODUCT_BUNDLE_IDENTIFIER = ru.yandex.practicum.snowsergo.ImageFeed;
				PRODUCT_NAME = "$(TARGET_NAME)";
				SWIFT_EMIT_LOC_STRINGS = YES;
				SWIFT_VERSION = 5.0;
				TARGETED_DEVICE_FAMILY = 1;
			};
			name = Release;
		};
		D58A859529146E4C00DB0F3B /* Debug */ = {
			isa = XCBuildConfiguration;
			buildSettings = {
				ALWAYS_EMBED_SWIFT_STANDARD_LIBRARIES = YES;
				BUNDLE_LOADER = "$(TEST_HOST)";
				CODE_SIGN_STYLE = Automatic;
				CURRENT_PROJECT_VERSION = 1;
				DEVELOPMENT_TEAM = L3GX9T5F55;
				GENERATE_INFOPLIST_FILE = YES;
				IPHONEOS_DEPLOYMENT_TARGET = 15.5;
				MARKETING_VERSION = 1.0;
				PRODUCT_BUNDLE_IDENTIFIER = ru.yandex.practicum.snowsergo.ImageFeedTests;
				PRODUCT_NAME = "$(TARGET_NAME)";
				SWIFT_EMIT_LOC_STRINGS = NO;
				SWIFT_VERSION = 5.0;
				TARGETED_DEVICE_FAMILY = "1,2";
				TEST_HOST = "$(BUILT_PRODUCTS_DIR)/ImageFeed.app/ImageFeed";
			};
			name = Debug;
		};
		D58A859629146E4C00DB0F3B /* Release */ = {
			isa = XCBuildConfiguration;
			buildSettings = {
				ALWAYS_EMBED_SWIFT_STANDARD_LIBRARIES = YES;
				BUNDLE_LOADER = "$(TEST_HOST)";
				CODE_SIGN_STYLE = Automatic;
				CURRENT_PROJECT_VERSION = 1;
				DEVELOPMENT_TEAM = L3GX9T5F55;
				GENERATE_INFOPLIST_FILE = YES;
				IPHONEOS_DEPLOYMENT_TARGET = 15.5;
				MARKETING_VERSION = 1.0;
				PRODUCT_BUNDLE_IDENTIFIER = ru.yandex.practicum.snowsergo.ImageFeedTests;
				PRODUCT_NAME = "$(TARGET_NAME)";
				SWIFT_EMIT_LOC_STRINGS = NO;
				SWIFT_VERSION = 5.0;
				TARGETED_DEVICE_FAMILY = "1,2";
				TEST_HOST = "$(BUILT_PRODUCTS_DIR)/ImageFeed.app/ImageFeed";
			};
			name = Release;
		};
		D58A859829146E4C00DB0F3B /* Debug */ = {
			isa = XCBuildConfiguration;
			buildSettings = {
				ALWAYS_EMBED_SWIFT_STANDARD_LIBRARIES = YES;
				CODE_SIGN_STYLE = Automatic;
				CURRENT_PROJECT_VERSION = 1;
				DEVELOPMENT_TEAM = L3GX9T5F55;
				GENERATE_INFOPLIST_FILE = YES;
				MARKETING_VERSION = 1.0;
				PRODUCT_BUNDLE_IDENTIFIER = ru.yandex.practicum.snowsergo.ImageFeedUITests;
				PRODUCT_NAME = "$(TARGET_NAME)";
				SWIFT_EMIT_LOC_STRINGS = NO;
				SWIFT_VERSION = 5.0;
				TARGETED_DEVICE_FAMILY = "1,2";
				TEST_TARGET_NAME = ImageFeed;
			};
			name = Debug;
		};
		D58A859929146E4C00DB0F3B /* Release */ = {
			isa = XCBuildConfiguration;
			buildSettings = {
				ALWAYS_EMBED_SWIFT_STANDARD_LIBRARIES = YES;
				CODE_SIGN_STYLE = Automatic;
				CURRENT_PROJECT_VERSION = 1;
				DEVELOPMENT_TEAM = L3GX9T5F55;
				GENERATE_INFOPLIST_FILE = YES;
				MARKETING_VERSION = 1.0;
				PRODUCT_BUNDLE_IDENTIFIER = ru.yandex.practicum.snowsergo.ImageFeedUITests;
				PRODUCT_NAME = "$(TARGET_NAME)";
				SWIFT_EMIT_LOC_STRINGS = NO;
				SWIFT_VERSION = 5.0;
				TARGETED_DEVICE_FAMILY = "1,2";
				TEST_TARGET_NAME = ImageFeed;
			};
			name = Release;
		};
/* End XCBuildConfiguration section */

/* Begin XCConfigurationList section */
		D58A856229146E4900DB0F3B /* Build configuration list for PBXProject "ImageFeed" */ = {
			isa = XCConfigurationList;
			buildConfigurations = (
				D58A858F29146E4C00DB0F3B /* Debug */,
				D58A859029146E4C00DB0F3B /* Release */,
			);
			defaultConfigurationIsVisible = 0;
			defaultConfigurationName = Release;
		};
		D58A859129146E4C00DB0F3B /* Build configuration list for PBXNativeTarget "ImageFeed" */ = {
			isa = XCConfigurationList;
			buildConfigurations = (
				D58A859229146E4C00DB0F3B /* Debug */,
				D58A859329146E4C00DB0F3B /* Release */,
			);
			defaultConfigurationIsVisible = 0;
			defaultConfigurationName = Release;
		};
		D58A859429146E4C00DB0F3B /* Build configuration list for PBXNativeTarget "ImageFeedTests" */ = {
			isa = XCConfigurationList;
			buildConfigurations = (
				D58A859529146E4C00DB0F3B /* Debug */,
				D58A859629146E4C00DB0F3B /* Release */,
			);
			defaultConfigurationIsVisible = 0;
			defaultConfigurationName = Release;
		};
		D58A859729146E4C00DB0F3B /* Build configuration list for PBXNativeTarget "ImageFeedUITests" */ = {
			isa = XCConfigurationList;
			buildConfigurations = (
				D58A859829146E4C00DB0F3B /* Debug */,
				D58A859929146E4C00DB0F3B /* Release */,
			);
			defaultConfigurationIsVisible = 0;
			defaultConfigurationName = Release;
		};
/* End XCConfigurationList section */

/* Begin XCRemoteSwiftPackageReference section */
		D52DF025294547C200777583 /* XCRemoteSwiftPackageReference "Kingfisher" */ = {
			isa = XCRemoteSwiftPackageReference;
			repositoryURL = "https://github.com/onevcat/Kingfisher";
			requirement = {
				kind = upToNextMajorVersion;
				minimumVersion = 7.0.0;
			};
		};
		D52DF02829466C0E00777583 /* XCRemoteSwiftPackageReference "SwiftKeychainWrapper" */ = {
			isa = XCRemoteSwiftPackageReference;
			repositoryURL = "https://github.com/jrendel/SwiftKeychainWrapper";
			requirement = {
				kind = upToNextMajorVersion;
				minimumVersion = 4.0.0;
			};
		};
		D5A5ED59293CAE7B001D322F /* XCRemoteSwiftPackageReference "ProgressHUD" */ = {
			isa = XCRemoteSwiftPackageReference;
			repositoryURL = "https://github.com/relatedcode/ProgressHUD";
			requirement = {
				kind = exactVersion;
				version = 13.6.1;
			};
		};
/* End XCRemoteSwiftPackageReference section */

/* Begin XCSwiftPackageProductDependency section */
		D52DF026294547C200777583 /* Kingfisher */ = {
			isa = XCSwiftPackageProductDependency;
			package = D52DF025294547C200777583 /* XCRemoteSwiftPackageReference "Kingfisher" */;
			productName = Kingfisher;
		};
		D52DF02929466C0E00777583 /* SwiftKeychainWrapper */ = {
			isa = XCSwiftPackageProductDependency;
			package = D52DF02829466C0E00777583 /* XCRemoteSwiftPackageReference "SwiftKeychainWrapper" */;
			productName = SwiftKeychainWrapper;
		};
		D5A5ED5A293CAE7B001D322F /* ProgressHUD */ = {
			isa = XCSwiftPackageProductDependency;
			package = D5A5ED59293CAE7B001D322F /* XCRemoteSwiftPackageReference "ProgressHUD" */;
			productName = ProgressHUD;
		};
/* End XCSwiftPackageProductDependency section */
	};
	rootObject = D58A855F29146E4900DB0F3B /* Project object */;
}
